// !$*UTF8*$!
{
	archiveVersion = 1;
	classes = {
	};
	objectVersion = 77;
	objects = {

/* Begin PBXBuildFile section */
		3F59D88D2D66375B007A041B /* CardToolbar.swift in Sources */ = {isa = PBXBuildFile; fileRef = 3F59D8882D66375B007A041B /* CardToolbar.swift */; };
		3F59D88E2D66375B007A041B /* BottomToolbar.swift in Sources */ = {isa = PBXBuildFile; fileRef = 3F59D8852D66375B007A041B /* BottomToolbar.swift */; };
		3F59D88F2D66375B007A041B /* StickerModal.swift in Sources */ = {isa = PBXBuildFile; fileRef = 3F59D8822D66375B007A041B /* StickerModal.swift */; };
		3F59D8902D66375B007A041B /* ToolbarSelection.swift in Sources */ = {isa = PBXBuildFile; fileRef = 3F59D88B2D66375B007A041B /* ToolbarSelection.swift */; };
		3F59D8912D66375B007A041B /* CardElementView.swift in Sources */ = {isa = PBXBuildFile; fileRef = 3F59D8872D66375B007A041B /* CardElementView.swift */; };
		3F59D8922D66375B007A041B /* ElementContextMenu.swift in Sources */ = {isa = PBXBuildFile; fileRef = 3F59D8892D66375B007A041B /* ElementContextMenu.swift */; };
		3F59D8932D66375B007A041B /* FrameModal.swift in Sources */ = {isa = PBXBuildFile; fileRef = 3F59D8802D66375B007A041B /* FrameModal.swift */; };
		3F59D8942D66375B007A041B /* SingleCardView.swift in Sources */ = {isa = PBXBuildFile; fileRef = 3F59D88A2D66375B007A041B /* SingleCardView.swift */; };
		3F59D8952D66375B007A041B /* TextModal.swift in Sources */ = {isa = PBXBuildFile; fileRef = 3F59D8832D66375B007A041B /* TextModal.swift */; };
		3F59D8962D66375B007A041B /* CardDetailView.swift in Sources */ = {isa = PBXBuildFile; fileRef = 3F59D8862D66375B007A041B /* CardDetailView.swift */; };
		3F59D8972D66375B007A041B /* PhotosModal.swift in Sources */ = {isa = PBXBuildFile; fileRef = 3F59D8812D66375B007A041B /* PhotosModal.swift */; };
		3F59D89E2D6637A8007A041B /* CardsListView.swift in Sources */ = {isa = PBXBuildFile; fileRef = 3F59D8982D6637A8007A041B /* CardsListView.swift */; };
		3F59D89F2D6637A8007A041B /* ListSelection.swift in Sources */ = {isa = PBXBuildFile; fileRef = 3F59D89A2D6637A8007A041B /* ListSelection.swift */; };
		3F59D8A02D6637A8007A041B /* CardThumbnail.swift in Sources */ = {isa = PBXBuildFile; fileRef = 3F59D8992D6637A8007A041B /* CardThumbnail.swift */; };
		3F59D8A12D6637A8007A041B /* ResizableView.swift in Sources */ = {isa = PBXBuildFile; fileRef = 3F59D89D2D6637A8007A041B /* ResizableView.swift */; };
		3F59D8A22D6637A8007A041B /* LayoutView.swift in Sources */ = {isa = PBXBuildFile; fileRef = 3F59D89B2D6637A8007A041B /* LayoutView.swift */; };
		3F59D8A82D6637DD007A041B /* Carousel.swift in Sources */ = {isa = PBXBuildFile; fileRef = 3F59D8A42D6637DD007A041B /* Carousel.swift */; };
		3F59D8A92D6637DD007A041B /* ShareCardView.swift in Sources */ = {isa = PBXBuildFile; fileRef = 3F59D8A52D6637DD007A041B /* ShareCardView.swift */; };
		3F59D8AA2D6637DD007A041B /* TextView.swift in Sources */ = {isa = PBXBuildFile; fileRef = 3F59D8A62D6637DD007A041B /* TextView.swift */; };
		3F59D8AB2D6637DD007A041B /* AppFonts.swift in Sources */ = {isa = PBXBuildFile; fileRef = 3F59D8A32D6637DD007A041B /* AppFonts.swift */; };
		3F59D8AD2D6637EB007A041B /* SplashScreen.swift in Sources */ = {isa = PBXBuildFile; fileRef = 3F59D8AC2D6637EB007A041B /* SplashScreen.swift */; };
		3F59D8AF2D6637F5007A041B /* PreviewData.swift in Sources */ = {isa = PBXBuildFile; fileRef = 3F59D8AE2D6637F5007A041B /* PreviewData.swift */; };
		3F59D8B72D66380E007A041B /* Transform.swift in Sources */ = {isa = PBXBuildFile; fileRef = 3F59D8B62D66380E007A041B /* Transform.swift */; };
		3F59D8B82D66380E007A041B /* CardElement.swift in Sources */ = {isa = PBXBuildFile; fileRef = 3F59D8B12D66380E007A041B /* CardElement.swift */; };
		3F59D8B92D66380E007A041B /* CardStore.swift in Sources */ = {isa = PBXBuildFile; fileRef = 3F59D8B22D66380E007A041B /* CardStore.swift */; };
		3F59D8BA2D66380E007A041B /* Card.swift in Sources */ = {isa = PBXBuildFile; fileRef = 3F59D8B02D66380E007A041B /* Card.swift */; };
		3F59D8BB2D66380E007A041B /* CustomTransfer.swift in Sources */ = {isa = PBXBuildFile; fileRef = 3F59D8B32D66380E007A041B /* CustomTransfer.swift */; };
		3F59D8BC2D66380E007A041B /* Operators.swift in Sources */ = {isa = PBXBuildFile; fileRef = 3F59D8B42D66380E007A041B /* Operators.swift */; };
		3F59D8BD2D66380E007A041B /* Shapes.swift in Sources */ = {isa = PBXBuildFile; fileRef = 3F59D8B52D66380E007A041B /* Shapes.swift */; };
		3F59D8C22D66386C007A041B /* UIImageExtensions.swift in Sources */ = {isa = PBXBuildFile; fileRef = 3F59D8C12D66386C007A041B /* UIImageExtensions.swift */; };
		3F59D8C32D66386C007A041B /* AngleExtensions.swift in Sources */ = {isa = PBXBuildFile; fileRef = 3F59D8BE2D66386C007A041B /* AngleExtensions.swift */; };
		3F59D8C42D66386C007A041B /* ColorExtensions.swift in Sources */ = {isa = PBXBuildFile; fileRef = 3F59D8BF2D66386C007A041B /* ColorExtensions.swift */; };
		3F59D8C52D66386C007A041B /* TextExtensions.swift in Sources */ = {isa = PBXBuildFile; fileRef = 3F59D8C02D66386C007A041B /* TextExtensions.swift */; };
		3F59D8C92D663892007A041B /* CardsApp.swift in Sources */ = {isa = PBXBuildFile; fileRef = 3F59D8C82D663892007A041B /* CardsApp.swift */; };
		3F59D8CB2D6638A4007A041B /* AppLoadingView.swift in Sources */ = {isa = PBXBuildFile; fileRef = 3F59D8CA2D6638A4007A041B /* AppLoadingView.swift */; };
		3F59D8CD2D6638BD007A041B /* Settings.swift in Sources */ = {isa = PBXBuildFile; fileRef = 3F59D8CC2D6638BD007A041B /* Settings.swift */; };
		3FD677162D5EE75500617837 /* Stickers in Resources */ = {isa = PBXBuildFile; fileRef = 3FD677152D5EE75100617837 /* Stickers */; };
		821BACFA29A4334300DF7122 /* Assets.xcassets in Resources */ = {isa = PBXBuildFile; fileRef = 821BACF929A4334300DF7122 /* Assets.xcassets */; };
		821BACFD29A4334300DF7122 /* Preview Assets.xcassets in Resources */ = {isa = PBXBuildFile; fileRef = 821BACFC29A4334300DF7122 /* Preview Assets.xcassets */; };
/* End PBXBuildFile section */

/* Begin PBXFileReference section */
		3F59D8802D66375B007A041B /* FrameModal.swift */ = {isa = PBXFileReference; lastKnownFileType = sourcecode.swift; path = FrameModal.swift; sourceTree = "<group>"; };
		3F59D8812D66375B007A041B /* PhotosModal.swift */ = {isa = PBXFileReference; lastKnownFileType = sourcecode.swift; path = PhotosModal.swift; sourceTree = "<group>"; };
		3F59D8822D66375B007A041B /* StickerModal.swift */ = {isa = PBXFileReference; lastKnownFileType = sourcecode.swift; path = StickerModal.swift; sourceTree = "<group>"; };
		3F59D8832D66375B007A041B /* TextModal.swift */ = {isa = PBXFileReference; lastKnownFileType = sourcecode.swift; path = TextModal.swift; sourceTree = "<group>"; };
		3F59D8852D66375B007A041B /* BottomToolbar.swift */ = {isa = PBXFileReference; lastKnownFileType = sourcecode.swift; path = BottomToolbar.swift; sourceTree = "<group>"; };
		3F59D8862D66375B007A041B /* CardDetailView.swift */ = {isa = PBXFileReference; lastKnownFileType = sourcecode.swift; path = CardDetailView.swift; sourceTree = "<group>"; };
		3F59D8872D66375B007A041B /* CardElementView.swift */ = {isa = PBXFileReference; lastKnownFileType = sourcecode.swift; path = CardElementView.swift; sourceTree = "<group>"; };
		3F59D8882D66375B007A041B /* CardToolbar.swift */ = {isa = PBXFileReference; lastKnownFileType = sourcecode.swift; path = CardToolbar.swift; sourceTree = "<group>"; };
		3F59D8892D66375B007A041B /* ElementContextMenu.swift */ = {isa = PBXFileReference; lastKnownFileType = sourcecode.swift; path = ElementContextMenu.swift; sourceTree = "<group>"; };
		3F59D88A2D66375B007A041B /* SingleCardView.swift */ = {isa = PBXFileReference; lastKnownFileType = sourcecode.swift; path = SingleCardView.swift; sourceTree = "<group>"; };
		3F59D88B2D66375B007A041B /* ToolbarSelection.swift */ = {isa = PBXFileReference; lastKnownFileType = sourcecode.swift; path = ToolbarSelection.swift; sourceTree = "<group>"; };
		3F59D8982D6637A8007A041B /* CardsListView.swift */ = {isa = PBXFileReference; lastKnownFileType = sourcecode.swift; path = CardsListView.swift; sourceTree = "<group>"; };
		3F59D8992D6637A8007A041B /* CardThumbnail.swift */ = {isa = PBXFileReference; lastKnownFileType = sourcecode.swift; path = CardThumbnail.swift; sourceTree = "<group>"; };
		3F59D89A2D6637A8007A041B /* ListSelection.swift */ = {isa = PBXFileReference; lastKnownFileType = sourcecode.swift; path = ListSelection.swift; sourceTree = "<group>"; };
		3F59D89B2D6637A8007A041B /* LayoutView.swift */ = {isa = PBXFileReference; lastKnownFileType = sourcecode.swift; path = LayoutView.swift; sourceTree = "<group>"; };
		3F59D89D2D6637A8007A041B /* ResizableView.swift */ = {isa = PBXFileReference; lastKnownFileType = sourcecode.swift; path = ResizableView.swift; sourceTree = "<group>"; };
		3F59D8A32D6637DD007A041B /* AppFonts.swift */ = {isa = PBXFileReference; lastKnownFileType = sourcecode.swift; path = AppFonts.swift; sourceTree = "<group>"; };
		3F59D8A42D6637DD007A041B /* Carousel.swift */ = {isa = PBXFileReference; lastKnownFileType = sourcecode.swift; path = Carousel.swift; sourceTree = "<group>"; };
		3F59D8A52D6637DD007A041B /* ShareCardView.swift */ = {isa = PBXFileReference; lastKnownFileType = sourcecode.swift; path = ShareCardView.swift; sourceTree = "<group>"; };
		3F59D8A62D6637DD007A041B /* TextView.swift */ = {isa = PBXFileReference; lastKnownFileType = sourcecode.swift; path = TextView.swift; sourceTree = "<group>"; };
		3F59D8AC2D6637EB007A041B /* SplashScreen.swift */ = {isa = PBXFileReference; lastKnownFileType = sourcecode.swift; path = SplashScreen.swift; sourceTree = "<group>"; };
		3F59D8AE2D6637F5007A041B /* PreviewData.swift */ = {isa = PBXFileReference; lastKnownFileType = sourcecode.swift; path = PreviewData.swift; sourceTree = "<group>"; };
		3F59D8B02D66380E007A041B /* Card.swift */ = {isa = PBXFileReference; lastKnownFileType = sourcecode.swift; path = Card.swift; sourceTree = "<group>"; };
		3F59D8B12D66380E007A041B /* CardElement.swift */ = {isa = PBXFileReference; lastKnownFileType = sourcecode.swift; path = CardElement.swift; sourceTree = "<group>"; };
		3F59D8B22D66380E007A041B /* CardStore.swift */ = {isa = PBXFileReference; lastKnownFileType = sourcecode.swift; path = CardStore.swift; sourceTree = "<group>"; };
		3F59D8B32D66380E007A041B /* CustomTransfer.swift */ = {isa = PBXFileReference; lastKnownFileType = sourcecode.swift; path = CustomTransfer.swift; sourceTree = "<group>"; };
		3F59D8B42D66380E007A041B /* Operators.swift */ = {isa = PBXFileReference; lastKnownFileType = sourcecode.swift; path = Operators.swift; sourceTree = "<group>"; };
		3F59D8B52D66380E007A041B /* Shapes.swift */ = {isa = PBXFileReference; lastKnownFileType = sourcecode.swift; path = Shapes.swift; sourceTree = "<group>"; };
		3F59D8B62D66380E007A041B /* Transform.swift */ = {isa = PBXFileReference; lastKnownFileType = sourcecode.swift; path = Transform.swift; sourceTree = "<group>"; };
		3F59D8BE2D66386C007A041B /* AngleExtensions.swift */ = {isa = PBXFileReference; lastKnownFileType = sourcecode.swift; path = AngleExtensions.swift; sourceTree = "<group>"; };
		3F59D8BF2D66386C007A041B /* ColorExtensions.swift */ = {isa = PBXFileReference; lastKnownFileType = sourcecode.swift; path = ColorExtensions.swift; sourceTree = "<group>"; };
		3F59D8C02D66386C007A041B /* TextExtensions.swift */ = {isa = PBXFileReference; lastKnownFileType = sourcecode.swift; path = TextExtensions.swift; sourceTree = "<group>"; };
		3F59D8C12D66386C007A041B /* UIImageExtensions.swift */ = {isa = PBXFileReference; lastKnownFileType = sourcecode.swift; path = UIImageExtensions.swift; sourceTree = "<group>"; };
		3F59D8C82D663892007A041B /* CardsApp.swift */ = {isa = PBXFileReference; lastKnownFileType = sourcecode.swift; path = CardsApp.swift; sourceTree = "<group>"; };
		3F59D8CA2D6638A4007A041B /* AppLoadingView.swift */ = {isa = PBXFileReference; lastKnownFileType = sourcecode.swift; path = AppLoadingView.swift; sourceTree = "<group>"; };
		3F59D8CC2D6638BD007A041B /* Settings.swift */ = {isa = PBXFileReference; lastKnownFileType = sourcecode.swift; path = Settings.swift; sourceTree = "<group>"; };
		3FD677152D5EE75100617837 /* Stickers */ = {isa = PBXFileReference; lastKnownFileType = folder; path = Stickers; sourceTree = "<group>"; };
		821BACF229A4334200DF7122 /* Cards.app */ = {isa = PBXFileReference; explicitFileType = wrapper.application; includeInIndex = 0; path = Cards.app; sourceTree = BUILT_PRODUCTS_DIR; };
		821BACF929A4334300DF7122 /* Assets.xcassets */ = {isa = PBXFileReference; lastKnownFileType = folder.assetcatalog; path = Assets.xcassets; sourceTree = "<group>"; };
		821BACFC29A4334300DF7122 /* Preview Assets.xcassets */ = {isa = PBXFileReference; lastKnownFileType = folder.assetcatalog; path = "Preview Assets.xcassets"; sourceTree = "<group>"; };
		82B36DB229A4972A001DFB09 /* Info.plist */ = {isa = PBXFileReference; lastKnownFileType = text.plist; path = Info.plist; sourceTree = "<group>"; };
/* End PBXFileReference section */

/* Begin PBXFrameworksBuildPhase section */
		821BACEF29A4334200DF7122 /* Frameworks */ = {
			isa = PBXFrameworksBuildPhase;
			buildActionMask = 2147483647;
			files = (
			);
			runOnlyForDeploymentPostprocessing = 0;
		};
/* End PBXFrameworksBuildPhase section */

/* Begin PBXGroup section */
		3F59D8842D66375B007A041B /* Card Modal Views */ = {
			isa = PBXGroup;
			children = (
				3F59D8802D66375B007A041B /* FrameModal.swift */,
				3F59D8812D66375B007A041B /* PhotosModal.swift */,
				3F59D8822D66375B007A041B /* StickerModal.swift */,
				3F59D8832D66375B007A041B /* TextModal.swift */,
			);
			path = "Card Modal Views";
			sourceTree = "<group>";
		};
		3F59D88C2D66375B007A041B /* Single Card Views */ = {
			isa = PBXGroup;
			children = (
				3F59D8842D66375B007A041B /* Card Modal Views */,
				3F59D8852D66375B007A041B /* BottomToolbar.swift */,
				3F59D8862D66375B007A041B /* CardDetailView.swift */,
				3F59D8872D66375B007A041B /* CardElementView.swift */,
				3F59D8882D66375B007A041B /* CardToolbar.swift */,
				3F59D8892D66375B007A041B /* ElementContextMenu.swift */,
				3F59D88A2D66375B007A041B /* SingleCardView.swift */,
				3F59D88B2D66375B007A041B /* ToolbarSelection.swift */,
			);
			path = "Single Card Views";
			sourceTree = "<group>";
		};
		3F59D89C2D6637A8007A041B /* Misc */ = {
			isa = PBXGroup;
			children = (
				3F59D89B2D6637A8007A041B /* LayoutView.swift */,
			);
			path = Misc;
			sourceTree = "<group>";
		};
		3F59D8A72D6637DD007A041B /* Supporting Code */ = {
			isa = PBXGroup;
			children = (
				3F59D8A32D6637DD007A041B /* AppFonts.swift */,
				3F59D8A42D6637DD007A041B /* Carousel.swift */,
				3F59D8A52D6637DD007A041B /* ShareCardView.swift */,
				3F59D8A62D6637DD007A041B /* TextView.swift */,
			);
			path = "Supporting Code";
			sourceTree = "<group>";
		};
		821BACE929A4334200DF7122 = {
			isa = PBXGroup;
			children = (
				821BACF429A4334200DF7122 /* Cards */,
				821BACF329A4334200DF7122 /* Products */,
			);
			sourceTree = "<group>";
			usesTabs = 1;
		};
		821BACF329A4334200DF7122 /* Products */ = {
			isa = PBXGroup;
			children = (
				821BACF229A4334200DF7122 /* Cards.app */,
			);
			name = Products;
			sourceTree = "<group>";
		};
		821BACF429A4334200DF7122 /* Cards */ = {
			isa = PBXGroup;
			children = (
				3F59D8C82D663892007A041B /* CardsApp.swift */,
				3F59D8A72D6637DD007A041B /* Supporting Code */,
				3FD677152D5EE75100617837 /* Stickers */,
				82B36DB229A4972A001DFB09 /* Info.plist */,
				821BAD2A29A43DDD00DF7122 /* Views */,
				82BA5DE829A4583500A8E097 /* Model */,
				82BA5DED29A45E2700A8E097 /* Config */,
				82BA5DF029A45E9100A8E097 /* Extensions */,
				821BACF929A4334300DF7122 /* Assets.xcassets */,
				821BACFB29A4334300DF7122 /* Preview Content */,
				3F59D8AC2D6637EB007A041B /* SplashScreen.swift */,
				3F59D8CA2D6638A4007A041B /* AppLoadingView.swift */,
			);
			path = Cards;
			sourceTree = "<group>";
		};
		821BACFB29A4334300DF7122 /* Preview Content */ = {
			isa = PBXGroup;
			children = (
				821BACFC29A4334300DF7122 /* Preview Assets.xcassets */,
				3F59D8AE2D6637F5007A041B /* PreviewData.swift */,
			);
			path = "Preview Content";
			sourceTree = "<group>";
		};
		821BAD2A29A43DDD00DF7122 /* Views */ = {
			isa = PBXGroup;
			children = (
				3F59D88C2D66375B007A041B /* Single Card Views */,
				3F59D8982D6637A8007A041B /* CardsListView.swift */,
				3F59D8992D6637A8007A041B /* CardThumbnail.swift */,
				3F59D89A2D6637A8007A041B /* ListSelection.swift */,
				3F59D89C2D6637A8007A041B /* Misc */,
				3F59D89D2D6637A8007A041B /* ResizableView.swift */,
			);
			path = Views;
			sourceTree = "<group>";
		};
		82BA5DE829A4583500A8E097 /* Model */ = {
			isa = PBXGroup;
			children = (
				3F59D8B02D66380E007A041B /* Card.swift */,
				3F59D8B12D66380E007A041B /* CardElement.swift */,
				3F59D8B22D66380E007A041B /* CardStore.swift */,
				3F59D8B32D66380E007A041B /* CustomTransfer.swift */,
				3F59D8B42D66380E007A041B /* Operators.swift */,
				3F59D8B52D66380E007A041B /* Shapes.swift */,
				3F59D8B62D66380E007A041B /* Transform.swift */,
			);
			path = Model;
			sourceTree = "<group>";
		};
		82BA5DED29A45E2700A8E097 /* Config */ = {
			isa = PBXGroup;
			children = (
				3F59D8CC2D6638BD007A041B /* Settings.swift */,
			);
			path = Config;
			sourceTree = "<group>";
		};
		82BA5DF029A45E9100A8E097 /* Extensions */ = {
			isa = PBXGroup;
			children = (
				3F59D8BE2D66386C007A041B /* AngleExtensions.swift */,
				3F59D8BF2D66386C007A041B /* ColorExtensions.swift */,
				3F59D8C02D66386C007A041B /* TextExtensions.swift */,
				3F59D8C12D66386C007A041B /* UIImageExtensions.swift */,
			);
			path = Extensions;
			sourceTree = "<group>";
		};
/* End PBXGroup section */

/* Begin PBXNativeTarget section */
		821BACF129A4334200DF7122 /* Cards */ = {
			isa = PBXNativeTarget;
			buildConfigurationList = 821BAD0029A4334300DF7122 /* Build configuration list for PBXNativeTarget "Cards" */;
			buildPhases = (
				821BACEE29A4334200DF7122 /* Sources */,
				82ECCD4B29A476F3006F8E75 /* SwiftLint */,
				821BACEF29A4334200DF7122 /* Frameworks */,
				821BACF029A4334200DF7122 /* Resources */,
			);
			buildRules = (
			);
			dependencies = (
			);
			name = Cards;
			productName = Cards;
			productReference = 821BACF229A4334200DF7122 /* Cards.app */;
			productType = "com.apple.product-type.application";
		};
/* End PBXNativeTarget section */

/* Begin PBXProject section */
		821BACEA29A4334200DF7122 /* Project object */ = {
			isa = PBXProject;
			attributes = {
				BuildIndependentTargetsInParallel = 1;
				LastSwiftUpdateCheck = 1430;
				LastUpgradeCheck = 1620;
				ORGANIZATIONNAME = "";
				TargetAttributes = {
					821BACF129A4334200DF7122 = {
						CreatedOnToolsVersion = 14.3;
					};
				};
			};
			buildConfigurationList = 821BACED29A4334200DF7122 /* Build configuration list for PBXProject "Cards" */;
			developmentRegion = en;
			hasScannedForEncodings = 0;
			knownRegions = (
				en,
				Base,
			);
			mainGroup = 821BACE929A4334200DF7122;
			preferredProjectObjectVersion = 77;
			productRefGroup = 821BACF329A4334200DF7122 /* Products */;
			projectDirPath = "";
			projectRoot = "";
			targets = (
				821BACF129A4334200DF7122 /* Cards */,
			);
		};
/* End PBXProject section */

/* Begin PBXResourcesBuildPhase section */
		821BACF029A4334200DF7122 /* Resources */ = {
			isa = PBXResourcesBuildPhase;
			buildActionMask = 2147483647;
			files = (
				821BACFD29A4334300DF7122 /* Preview Assets.xcassets in Resources */,
				3FD677162D5EE75500617837 /* Stickers in Resources */,
				821BACFA29A4334300DF7122 /* Assets.xcassets in Resources */,
			);
			runOnlyForDeploymentPostprocessing = 0;
		};
/* End PBXResourcesBuildPhase section */

/* Begin PBXShellScriptBuildPhase section */
		82ECCD4B29A476F3006F8E75 /* SwiftLint */ = {
			isa = PBXShellScriptBuildPhase;
			alwaysOutOfDate = 1;
			buildActionMask = 2147483647;
			files = (
			);
			inputFileListPaths = (
			);
			inputPaths = (
			);
			name = SwiftLint;
			outputFileListPaths = (
			);
			outputPaths = (
			);
			runOnlyForDeploymentPostprocessing = 0;
			shellPath = /bin/sh;
			shellScript = "PATH=/opt/homebrew/bin:$PATH\nif [ -f ~/com.raywenderlich.swiftlint.yml ]; then\n  if which swiftlint >/dev/null; then\n    swiftlint --no-cache --config ~/com.raywenderlich.swiftlint.yml\n  fi\nfi\n";
		};
/* End PBXShellScriptBuildPhase section */

/* Begin PBXSourcesBuildPhase section */
		821BACEE29A4334200DF7122 /* Sources */ = {
			isa = PBXSourcesBuildPhase;
			buildActionMask = 2147483647;
			files = (
				3F59D8AD2D6637EB007A041B /* SplashScreen.swift in Sources */,
				3F59D88D2D66375B007A041B /* CardToolbar.swift in Sources */,
				3F59D88E2D66375B007A041B /* BottomToolbar.swift in Sources */,
				3F59D8C22D66386C007A041B /* UIImageExtensions.swift in Sources */,
				3F59D8C32D66386C007A041B /* AngleExtensions.swift in Sources */,
				3F59D8C42D66386C007A041B /* ColorExtensions.swift in Sources */,
				3F59D8C52D66386C007A041B /* TextExtensions.swift in Sources */,
				3F59D88F2D66375B007A041B /* StickerModal.swift in Sources */,
				3F59D8902D66375B007A041B /* ToolbarSelection.swift in Sources */,
				3F59D8912D66375B007A041B /* CardElementView.swift in Sources */,
				3F59D8922D66375B007A041B /* ElementContextMenu.swift in Sources */,
				3F59D8CD2D6638BD007A041B /* Settings.swift in Sources */,
				3F59D8932D66375B007A041B /* FrameModal.swift in Sources */,
				3F59D8942D66375B007A041B /* SingleCardView.swift in Sources */,
				3F59D8952D66375B007A041B /* TextModal.swift in Sources */,
				3F59D8962D66375B007A041B /* CardDetailView.swift in Sources */,
				3F59D89E2D6637A8007A041B /* CardsListView.swift in Sources */,
				3F59D89F2D6637A8007A041B /* ListSelection.swift in Sources */,
				3F59D8A02D6637A8007A041B /* CardThumbnail.swift in Sources */,
				3F59D8A12D6637A8007A041B /* ResizableView.swift in Sources */,
				3F59D8A22D6637A8007A041B /* LayoutView.swift in Sources */,
				3F59D8A82D6637DD007A041B /* Carousel.swift in Sources */,
				3F59D8B72D66380E007A041B /* Transform.swift in Sources */,
				3F59D8B82D66380E007A041B /* CardElement.swift in Sources */,
				3F59D8B92D66380E007A041B /* CardStore.swift in Sources */,
				3F59D8BA2D66380E007A041B /* Card.swift in Sources */,
				3F59D8BB2D66380E007A041B /* CustomTransfer.swift in Sources */,
				3F59D8BC2D66380E007A041B /* Operators.swift in Sources */,
				3F59D8BD2D66380E007A041B /* Shapes.swift in Sources */,
				3F59D8CB2D6638A4007A041B /* AppLoadingView.swift in Sources */,
				3F59D8C92D663892007A041B /* CardsApp.swift in Sources */,
				3F59D8A92D6637DD007A041B /* ShareCardView.swift in Sources */,
				3F59D8AA2D6637DD007A041B /* TextView.swift in Sources */,
				3F59D8AB2D6637DD007A041B /* AppFonts.swift in Sources */,
				3F59D8972D66375B007A041B /* PhotosModal.swift in Sources */,
				3F59D8AF2D6637F5007A041B /* PreviewData.swift in Sources */,
			);
			runOnlyForDeploymentPostprocessing = 0;
		};
/* End PBXSourcesBuildPhase section */

/* Begin XCBuildConfiguration section */
		821BACFE29A4334300DF7122 /* Debug */ = {
			isa = XCBuildConfiguration;
			buildSettings = {
				ALWAYS_SEARCH_USER_PATHS = NO;
				CLANG_ANALYZER_NONNULL = YES;
				CLANG_ANALYZER_NUMBER_OBJECT_CONVERSION = YES_AGGRESSIVE;
				CLANG_CXX_LANGUAGE_STANDARD = "gnu++20";
				CLANG_ENABLE_MODULES = YES;
				CLANG_ENABLE_OBJC_ARC = YES;
				CLANG_ENABLE_OBJC_WEAK = YES;
				CLANG_WARN_BLOCK_CAPTURE_AUTORELEASING = YES;
				CLANG_WARN_BOOL_CONVERSION = YES;
				CLANG_WARN_COMMA = YES;
				CLANG_WARN_CONSTANT_CONVERSION = YES;
				CLANG_WARN_DEPRECATED_OBJC_IMPLEMENTATIONS = YES;
				CLANG_WARN_DIRECT_OBJC_ISA_USAGE = YES_ERROR;
				CLANG_WARN_DOCUMENTATION_COMMENTS = YES;
				CLANG_WARN_EMPTY_BODY = YES;
				CLANG_WARN_ENUM_CONVERSION = YES;
				CLANG_WARN_INFINITE_RECURSION = YES;
				CLANG_WARN_INT_CONVERSION = YES;
				CLANG_WARN_NON_LITERAL_NULL_CONVERSION = YES;
				CLANG_WARN_OBJC_IMPLICIT_RETAIN_SELF = YES;
				CLANG_WARN_OBJC_LITERAL_CONVERSION = YES;
				CLANG_WARN_OBJC_ROOT_CLASS = YES_ERROR;
				CLANG_WARN_QUOTED_INCLUDE_IN_FRAMEWORK_HEADER = YES;
				CLANG_WARN_RANGE_LOOP_ANALYSIS = YES;
				CLANG_WARN_STRICT_PROTOTYPES = YES;
				CLANG_WARN_SUSPICIOUS_MOVE = YES;
				CLANG_WARN_UNGUARDED_AVAILABILITY = YES_AGGRESSIVE;
				CLANG_WARN_UNREACHABLE_CODE = YES;
				CLANG_WARN__DUPLICATE_METHOD_MATCH = YES;
				COPY_PHASE_STRIP = NO;
				DEBUG_INFORMATION_FORMAT = dwarf;
				ENABLE_STRICT_OBJC_MSGSEND = YES;
				ENABLE_TESTABILITY = YES;
				ENABLE_USER_SCRIPT_SANDBOXING = YES;
				GCC_C_LANGUAGE_STANDARD = gnu11;
				GCC_DYNAMIC_NO_PIC = NO;
				GCC_NO_COMMON_BLOCKS = YES;
				GCC_OPTIMIZATION_LEVEL = 0;
				GCC_PREPROCESSOR_DEFINITIONS = (
					"DEBUG=1",
					"$(inherited)",
				);
				GCC_WARN_64_TO_32_BIT_CONVERSION = YES;
				GCC_WARN_ABOUT_RETURN_TYPE = YES_ERROR;
				GCC_WARN_UNDECLARED_SELECTOR = YES;
				GCC_WARN_UNINITIALIZED_AUTOS = YES_AGGRESSIVE;
				GCC_WARN_UNUSED_FUNCTION = YES;
				GCC_WARN_UNUSED_VARIABLE = YES;
				IPHONEOS_DEPLOYMENT_TARGET = 16.0;
				MTL_ENABLE_DEBUG_INFO = INCLUDE_SOURCE;
				MTL_FAST_MATH = YES;
				ONLY_ACTIVE_ARCH = YES;
				SDKROOT = iphoneos;
				SWIFT_ACTIVE_COMPILATION_CONDITIONS = DEBUG;
				SWIFT_OPTIMIZATION_LEVEL = "-Onone";
			};
			name = Debug;
		};
		821BACFF29A4334300DF7122 /* Release */ = {
			isa = XCBuildConfiguration;
			buildSettings = {
				ALWAYS_SEARCH_USER_PATHS = NO;
				CLANG_ANALYZER_NONNULL = YES;
				CLANG_ANALYZER_NUMBER_OBJECT_CONVERSION = YES_AGGRESSIVE;
				CLANG_CXX_LANGUAGE_STANDARD = "gnu++20";
				CLANG_ENABLE_MODULES = YES;
				CLANG_ENABLE_OBJC_ARC = YES;
				CLANG_ENABLE_OBJC_WEAK = YES;
				CLANG_WARN_BLOCK_CAPTURE_AUTORELEASING = YES;
				CLANG_WARN_BOOL_CONVERSION = YES;
				CLANG_WARN_COMMA = YES;
				CLANG_WARN_CONSTANT_CONVERSION = YES;
				CLANG_WARN_DEPRECATED_OBJC_IMPLEMENTATIONS = YES;
				CLANG_WARN_DIRECT_OBJC_ISA_USAGE = YES_ERROR;
				CLANG_WARN_DOCUMENTATION_COMMENTS = YES;
				CLANG_WARN_EMPTY_BODY = YES;
				CLANG_WARN_ENUM_CONVERSION = YES;
				CLANG_WARN_INFINITE_RECURSION = YES;
				CLANG_WARN_INT_CONVERSION = YES;
				CLANG_WARN_NON_LITERAL_NULL_CONVERSION = YES;
				CLANG_WARN_OBJC_IMPLICIT_RETAIN_SELF = YES;
				CLANG_WARN_OBJC_LITERAL_CONVERSION = YES;
				CLANG_WARN_OBJC_ROOT_CLASS = YES_ERROR;
				CLANG_WARN_QUOTED_INCLUDE_IN_FRAMEWORK_HEADER = YES;
				CLANG_WARN_RANGE_LOOP_ANALYSIS = YES;
				CLANG_WARN_STRICT_PROTOTYPES = YES;
				CLANG_WARN_SUSPICIOUS_MOVE = YES;
				CLANG_WARN_UNGUARDED_AVAILABILITY = YES_AGGRESSIVE;
				CLANG_WARN_UNREACHABLE_CODE = YES;
				CLANG_WARN__DUPLICATE_METHOD_MATCH = YES;
				COPY_PHASE_STRIP = NO;
				DEBUG_INFORMATION_FORMAT = "dwarf-with-dsym";
				ENABLE_NS_ASSERTIONS = NO;
				ENABLE_STRICT_OBJC_MSGSEND = YES;
				ENABLE_USER_SCRIPT_SANDBOXING = YES;
				GCC_C_LANGUAGE_STANDARD = gnu11;
				GCC_NO_COMMON_BLOCKS = YES;
				GCC_WARN_64_TO_32_BIT_CONVERSION = YES;
				GCC_WARN_ABOUT_RETURN_TYPE = YES_ERROR;
				GCC_WARN_UNDECLARED_SELECTOR = YES;
				GCC_WARN_UNINITIALIZED_AUTOS = YES_AGGRESSIVE;
				GCC_WARN_UNUSED_FUNCTION = YES;
				GCC_WARN_UNUSED_VARIABLE = YES;
				IPHONEOS_DEPLOYMENT_TARGET = 16.0;
				MTL_ENABLE_DEBUG_INFO = NO;
				MTL_FAST_MATH = YES;
				SDKROOT = iphoneos;
				SWIFT_COMPILATION_MODE = wholemodule;
				SWIFT_OPTIMIZATION_LEVEL = "-O";
				VALIDATE_PRODUCT = YES;
			};
			name = Release;
		};
		821BAD0129A4334300DF7122 /* Debug */ = {
			isa = XCBuildConfiguration;
			buildSettings = {
				ASSETCATALOG_COMPILER_APPICON_NAME = AppIcon;
				ASSETCATALOG_COMPILER_GLOBAL_ACCENT_COLOR_NAME = AccentColor;
				CODE_SIGN_STYLE = Automatic;
				CURRENT_PROJECT_VERSION = 1;
				DEVELOPMENT_ASSET_PATHS = "\"Cards/Preview Content\"";
				DEVELOPMENT_TEAM = 2S3V74AK8M;
				ENABLE_PREVIEWS = YES;
				GENERATE_INFOPLIST_FILE = YES;
				INFOPLIST_FILE = Cards/Info.plist;
				INFOPLIST_KEY_UIApplicationSceneManifest_Generation = YES;
				INFOPLIST_KEY_UIApplicationSupportsIndirectInputEvents = YES;
				INFOPLIST_KEY_UISupportedInterfaceOrientations_iPad = "UIInterfaceOrientationPortrait UIInterfaceOrientationPortraitUpsideDown UIInterfaceOrientationLandscapeLeft UIInterfaceOrientationLandscapeRight";
				INFOPLIST_KEY_UISupportedInterfaceOrientations_iPhone = "UIInterfaceOrientationPortrait UIInterfaceOrientationLandscapeLeft UIInterfaceOrientationLandscapeRight";
				IPHONEOS_DEPLOYMENT_TARGET = 16.0;
				LD_RUNPATH_SEARCH_PATHS = (
					"$(inherited)",
					"@executable_path/Frameworks",
				);
				MARKETING_VERSION = 1.0;
				PRODUCT_BUNDLE_IDENTIFIER = org.marco.Cards;
				PRODUCT_NAME = "$(TARGET_NAME)";
				SWIFT_EMIT_LOC_STRINGS = YES;
				SWIFT_VERSION = 5.0;
				TARGETED_DEVICE_FAMILY = "1,2";
			};
			name = Debug;
		};
		821BAD0229A4334300DF7122 /* Release */ = {
			isa = XCBuildConfiguration;
			buildSettings = {
				ASSETCATALOG_COMPILER_APPICON_NAME = AppIcon;
				ASSETCATALOG_COMPILER_GLOBAL_ACCENT_COLOR_NAME = AccentColor;
				CODE_SIGN_STYLE = Automatic;
				CURRENT_PROJECT_VERSION = 1;
				DEVELOPMENT_ASSET_PATHS = "\"Cards/Preview Content\"";
				DEVELOPMENT_TEAM = 2S3V74AK8M;
				ENABLE_PREVIEWS = YES;
				GENERATE_INFOPLIST_FILE = YES;
				INFOPLIST_FILE = Cards/Info.plist;
				INFOPLIST_KEY_UIApplicationSceneManifest_Generation = YES;
				INFOPLIST_KEY_UIApplicationSupportsIndirectInputEvents = YES;
				INFOPLIST_KEY_UISupportedInterfaceOrientations_iPad = "UIInterfaceOrientationPortrait UIInterfaceOrientationPortraitUpsideDown UIInterfaceOrientationLandscapeLeft UIInterfaceOrientationLandscapeRight";
				INFOPLIST_KEY_UISupportedInterfaceOrientations_iPhone = "UIInterfaceOrientationPortrait UIInterfaceOrientationLandscapeLeft UIInterfaceOrientationLandscapeRight";
				IPHONEOS_DEPLOYMENT_TARGET = 16.0;
				LD_RUNPATH_SEARCH_PATHS = (
					"$(inherited)",
					"@executable_path/Frameworks",
				);
				MARKETING_VERSION = 1.0;
				PRODUCT_BUNDLE_IDENTIFIER = org.marco.Cards;
				PRODUCT_NAME = "$(TARGET_NAME)";
				SWIFT_EMIT_LOC_STRINGS = YES;
				SWIFT_VERSION = 5.0;
				TARGETED_DEVICE_FAMILY = "1,2";
			};
			name = Release;
		};
/* End XCBuildConfiguration section */

/* Begin XCConfigurationList section */
		821BACED29A4334200DF7122 /* Build configuration list for PBXProject "Cards" */ = {
			isa = XCConfigurationList;
			buildConfigurations = (
				821BACFE29A4334300DF7122 /* Debug */,
				821BACFF29A4334300DF7122 /* Release */,
			);
			defaultConfigurationIsVisible = 0;
			defaultConfigurationName = Release;
		};
		821BAD0029A4334300DF7122 /* Build configuration list for PBXNativeTarget "Cards" */ = {
			isa = XCConfigurationList;
			buildConfigurations = (
				821BAD0129A4334300DF7122 /* Debug */,
				821BAD0229A4334300DF7122 /* Release */,
			);
			defaultConfigurationIsVisible = 0;
			defaultConfigurationName = Release;
		};
/* End XCConfigurationList section */
	};
	rootObject = 821BACEA29A4334200DF7122 /* Project object */;
}
